
Microsoft Visual Studio Solution File, Format Version 12.00
# Visual Studio Version 17
VisualStudioVersion = 17.14.37203.1
MinimumVisualStudioVersion = 10.0.40219.1
Project("{FAE04EC0-301F-11D3-BF4B-00C04F79EFBC}") = "Domain", "Core\Domain\Domain.csproj", "{11AD8CDB-3C81-4E58-BAB3-DE7DE884BF11}"
EndProject
Project("{2150E333-8FDC-42A3-9474-1A3956D46DE8}") = "Core", "Core", "{02EA681E-C7D8-13C7-8484-4AC65E1B71E8}"
EndProject
Project("{FAE04EC0-301F-11D3-BF4B-00C04F79EFBC}") = "Data", "Core\Data\Data.csproj", "{FBF864B9-578E-4BAA-9F23-B5A8AC35321F}"
EndProject
Project("{2150E333-8FDC-42A3-9474-1A3956D46DE8}") = "Tests", "Tests", "{1EC797B0-773B-4A60-8DC2-0ED5D5099B13}"
EndProject
Project("{FAE04EC0-301F-11D3-BF4B-00C04F79EFBC}") = "TaskManagerTests", "Tests\TaskManagerTests\TaskManagerTests.csproj", "{7F312CBC-20F3-4163-93F4-1B3ED0CC1316}"
EndProject
Project("{FAE04EC0-301F-11D3-BF4B-00C04F79EFBC}") = "Application", "Core\Application\Application\Application.csproj", "{5A568D5D-C07E-4C14-BA02-84C64C433625}"
EndProject
Project("{2150E333-8FDC-42A3-9474-1A3956D46DE8}") = "WebApps", "WebApps", "{25333574-2E77-472D-87C6-D41764B9B8A6}"
EndProject
Project("{FAE04EC0-301F-11D3-BF4B-00C04F79EFBC}") = "TaskManager.WebApp.API", "WebApps\TaskManager.WebApp.API\TaskManager.WebApp.API.csproj", "{EE6C6897-455A-480C-95DE-8F1BB2B3F09D}"
EndProject
Global
	GlobalSection(SolutionConfigurationPlatforms) = preSolution
		Debug|Any CPU = Debug|Any CPU
		Release|Any CPU = Release|Any CPU
	EndGlobalSection
	GlobalSection(ProjectConfigurationPlatforms) = postSolution
		{11AD8CDB-3C81-4E58-BAB3-DE7DE884BF11}.Debug|Any CPU.ActiveCfg = Debug|Any CPU
		{11AD8CDB-3C81-4E58-BAB3-DE7DE884BF11}.Debug|Any CPU.Build.0 = Debug|Any CPU
		{11AD8CDB-3C81-4E58-BAB3-DE7DE884BF11}.Release|Any CPU.ActiveCfg = Release|Any CPU
		{11AD8CDB-3C81-4E58-BAB3-DE7DE884BF11}.Release|Any CPU.Build.0 = Release|Any CPU
		{FBF864B9-578E-4BAA-9F23-B5A8AC35321F}.Debug|Any CPU.ActiveCfg = Debug|Any CPU
		{FBF864B9-578E-4BAA-9F23-B5A8AC35321F}.Debug|Any CPU.Build.0 = Debug|Any CPU
		{FBF864B9-578E-4BAA-9F23-B5A8AC35321F}.Release|Any CPU.ActiveCfg = Release|Any CPU
		{FBF864B9-578E-4BAA-9F23-B5A8AC35321F}.Release|Any CPU.Build.0 = Release|Any CPU
		{7F312CBC-20F3-4163-93F4-1B3ED0CC1316}.Debug|Any CPU.ActiveCfg = Debug|Any CPU
		{7F312CBC-20F3-4163-93F4-1B3ED0CC1316}.Debug|Any CPU.Build.0 = Debug|Any CPU
		{7F312CBC-20F3-4163-93F4-1B3ED0CC1316}.Release|Any CPU.ActiveCfg = Release|Any CPU
		{7F312CBC-20F3-4163-93F4-1B3ED0CC1316}.Release|Any CPU.Build.0 = Release|Any CPU
		{5A568D5D-C07E-4C14-BA02-84C64C433625}.Debug|Any CPU.ActiveCfg = Debug|Any CPU
		{5A568D5D-C07E-4C14-BA02-84C64C433625}.Debug|Any CPU.Build.0 = Debug|Any CPU
		{5A568D5D-C07E-4C14-BA02-84C64C433625}.Release|Any CPU.ActiveCfg = Release|Any CPU
		{5A568D5D-C07E-4C14-BA02-84C64C433625}.Release|Any CPU.Build.0 = Release|Any CPU
		{EE6C6897-455A-480C-95DE-8F1BB2B3F09D}.Debug|Any CPU.ActiveCfg = Debug|Any CPU
		{EE6C6897-455A-480C-95DE-8F1BB2B3F09D}.Debug|Any CPU.Build.0 = Debug|Any CPU
		{EE6C6897-455A-480C-95DE-8F1BB2B3F09D}.Release|Any CPU.ActiveCfg = Release|Any CPU
		{EE6C6897-455A-480C-95DE-8F1BB2B3F09D}.Release|Any CPU.Build.0 = Release|Any CPU
	EndGlobalSection
	GlobalSection(SolutionProperties) = preSolution
		HideSolutionNode = FALSE
	EndGlobalSection
	GlobalSection(NestedProjects) = preSolution
		{11AD8CDB-3C81-4E58-BAB3-DE7DE884BF11} = {02EA681E-C7D8-13C7-8484-4AC65E1B71E8}
		{FBF864B9-578E-4BAA-9F23-B5A8AC35321F} = {02EA681E-C7D8-13C7-8484-4AC65E1B71E8}
		{7F312CBC-20F3-4163-93F4-1B3ED0CC1316} = {1EC797B0-773B-4A60-8DC2-0ED5D5099B13}
		{5A568D5D-C07E-4C14-BA02-84C64C433625} = {02EA681E-C7D8-13C7-8484-4AC65E1B71E8}
		{EE6C6897-455A-480C-95DE-8F1BB2B3F09D} = {25333574-2E77-472D-87C6-D41764B9B8A6}
	EndGlobalSection
	GlobalSection(ExtensibilityGlobals) = postSolution
		SolutionGuid = {77D3C209-319D-45C2-8FF6-2B1CEF5487FF}
	EndGlobalSection
EndGlobal
